
Microsoft Visual Studio Solution File, Format Version 12.00
# Visual Studio Version 16
VisualStudioVersion = 16.0.31410.357
MinimumVisualStudioVersion = 10.0.40219.1
Project("{FAE04EC0-301F-11D3-BF4B-00C04F79EFBC}") = "Dashboard", "Dashboard.csproj", "{99F6FE94-09B3-4DCF-8B4A-DD441781CB15}"
EndProject
Project("{2150E333-8FDC-42A3-9474-1A3956D46DE8}") = "Interface", "Interface", "{0C0FDB64-BB7F-47F9-A805-9D9A02229DE5}"
EndProject
Global
	GlobalSection(SolutionConfigurationPlatforms) = preSolution
		Debug|Any CPU = Debug|Any CPU
		Release|Any CPU = Release|Any CPU
	EndGlobalSection
	GlobalSection(ProjectConfigurationPlatforms) = postSolution
		{99F6FE94-09B3-4DCF-8B4A-DD441781CB15}.Debug|Any CPU.ActiveCfg = Debug|Any CPU
		{99F6FE94-09B3-4DCF-8B4A-DD441781CB15}.Debug|Any CPU.Build.0 = Debug|Any CPU
		{99F6FE94-09B3-4DCF-8B4A-DD441781CB15}.Release|Any CPU.ActiveCfg = Release|Any CPU
		{99F6FE94-09B3-4DCF-8B4A-DD441781CB15}.Release|Any CPU.Build.0 = Release|Any CPU
	EndGlobalSection
	GlobalSection(SolutionProperties) = preSolution
		HideSolutionNode = FALSE
	EndGlobalSection
	GlobalSection(NestedProjects) = preSolution
		{99F6FE94-09B3-4DCF-8B4A-DD441781CB15} = {0C0FDB64-BB7F-47F9-A805-9D9A02229DE5}
	EndGlobalSection
	GlobalSection(ExtensibilityGlobals) = postSolution
		SolutionGuid = {C1A31D4B-B15A-426F-9506-6279587DC066}
	EndGlobalSection
EndGlobal
